
Microsoft Visual Studio Solution File, Format Version 12.00
# Visual Studio Version 16
VisualStudioVersion = 16.0.29613.14
MinimumVisualStudioVersion = 10.0.40219.1
Project("{9A19103F-16F7-4668-BE54-9A1E7A4F7556}") = "AwayFromKeyboard.Api", "AwayFromKeyboard.Api\AwayFromKeyboard.Api.csproj", "{CA1FEA21-75E0-4BE9-B74C-67712DB520C8}"
EndProject
Global
	GlobalSection(SolutionConfigurationPlatforms) = preSolution
		Debug|Any CPU = Debug|Any CPU
		Release|Any CPU = Release|Any CPU
	EndGlobalSection
	GlobalSection(ProjectConfigurationPlatforms) = postSolution
		{CA1FEA21-75E0-4BE9-B74C-67712DB520C8}.Debug|Any CPU.ActiveCfg = Debug|Any CPU
		{CA1FEA21-75E0-4BE9-B74C-67712DB520C8}.Debug|Any CPU.Build.0 = Debug|Any CPU
		{CA1FEA21-75E0-4BE9-B74C-67712DB520C8}.Release|Any CPU.ActiveCfg = Release|Any CPU
		{CA1FEA21-75E0-4BE9-B74C-67712DB520C8}.Release|Any CPU.Build.0 = Release|Any CPU
	EndGlobalSection
	GlobalSection(SolutionProperties) = preSolution
		HideSolutionNode = FALSE
	EndGlobalSection
	GlobalSection(ExtensibilityGlobals) = postSolution
		SolutionGuid = {0DCA8123-A8C2-4838-AD9A-09F06899C4DC}
	EndGlobalSection
EndGlobal
